PODS:
  - GTFoundation (0.1.1)
  - GTLocation (0.0.8):
    - GTFoundation (~> 0.1)

DEPENDENCIES:
  - GTLocation (from `../`)

EXTERNAL SOURCES:
  GTLocation:
    :path: ../

SPEC CHECKSUMS:
  GTFoundation: 8c58ddfbfd16bb7bc541d0c9691928f00c15fed9
  GTLocation: 1642ea51512b16823d3a4ecedccb1db3cad1cc99

COCOAPODS: 0.29.0
