PODS:
  - GTFoundation (0.0.9)
  - GTLocation (0.0.2):
    - GTFoundation (~> 0.0.7)

DEPENDENCIES:
  - GTLocation (from `../`)

EXTERNAL SOURCES:
  GTLocation:
    :path: ../

SPEC CHECKSUMS:
  GTFoundation: 699dbcebf50afdc07ef668a9af1653243d6f7843
  GTLocation: 88b916498643d46bad2648ed376bda558ae7fd36

COCOAPODS: 0.28.0
