PODS:
  - GTFoundation (0.0.7)
  - GTLocation (0.1.0):
    - GTFoundation (~> 0.0.7)

DEPENDENCIES:
  - GTLocation (from `../`)

EXTERNAL SOURCES:
  GTLocation:
    :path: ../

SPEC CHECKSUMS:
  GTFoundation: 26ee030a78e3e5bfe8ce83abd663586581d76757
  GTLocation: db676b17e31788df92985f491488f7315a2b701e

COCOAPODS: 0.27.1
